// !$*UTF8*$!
{
	archiveVersion = 1;
	classes = {
	};
	objectVersion = 46;
	objects = {

/* Begin PBXBuildFile section */
		D313641F1CC86C7700CF6E19 /* HanziPinyin.framework in Frameworks */ = {isa = PBXBuildFile; fileRef = D313641E1CC86C7700CF6E19 /* HanziPinyin.framework */; };
		D31364201CC86C7700CF6E19 /* HanziPinyin.framework in Embed Frameworks */ = {isa = PBXBuildFile; fileRef = D313641E1CC86C7700CF6E19 /* HanziPinyin.framework */; settings = {ATTRIBUTES = (CodeSignOnCopy, RemoveHeadersOnCopy, ); }; };
		D395A10A1CC243DB00B76FB7 /* AppDelegate.swift in Sources */ = {isa = PBXBuildFile; fileRef = D395A1091CC243DB00B76FB7 /* AppDelegate.swift */; };
		D395A10C1CC243DB00B76FB7 /* HanziPinyinExampleViewController.swift in Sources */ = {isa = PBXBuildFile; fileRef = D395A10B1CC243DB00B76FB7 /* HanziPinyinExampleViewController.swift */; };
		D395A10F1CC243DB00B76FB7 /* Main.storyboard in Resources */ = {isa = PBXBuildFile; fileRef = D395A10D1CC243DB00B76FB7 /* Main.storyboard */; };
		D395A1111CC243DB00B76FB7 /* Assets.xcassets in Resources */ = {isa = PBXBuildFile; fileRef = D395A1101CC243DB00B76FB7 /* Assets.xcassets */; };
		D3A293C11CC7DBD2005843BA /* ActivityButton.swift in Sources */ = {isa = PBXBuildFile; fileRef = D3A293C01CC7DBD2005843BA /* ActivityButton.swift */; };
/* End PBXBuildFile section */

/* Begin PBXCopyFilesBuildPhase section */
		D31364211CC86C7700CF6E19 /* Embed Frameworks */ = {
			isa = PBXCopyFilesBuildPhase;
			buildActionMask = 2147483647;
			dstPath = "";
			dstSubfolderSpec = 10;
			files = (
				D31364201CC86C7700CF6E19 /* HanziPinyin.framework in Embed Frameworks */,
			);
			name = "Embed Frameworks";
			runOnlyForDeploymentPostprocessing = 0;
		};
/* End PBXCopyFilesBuildPhase section */

/* Begin PBXFileReference section */
		D313641E1CC86C7700CF6E19 /* HanziPinyin.framework */ = {isa = PBXFileReference; explicitFileType = wrapper.framework; name = HanziPinyin.framework; path = "/Users/hongxin/Library/Developer/Xcode/DerivedData/HanziPinyin-fcixlcqoqphbqfherglmrblqprcq/Build/Products/Debug-iphonesimulator/HanziPinyin.framework"; sourceTree = "<absolute>"; };
		D395A1061CC243DB00B76FB7 /* HanziPinyinExample.app */ = {isa = PBXFileReference; explicitFileType = wrapper.application; includeInIndex = 0; path = HanziPinyinExample.app; sourceTree = BUILT_PRODUCTS_DIR; };
		D395A1091CC243DB00B76FB7 /* AppDelegate.swift */ = {isa = PBXFileReference; lastKnownFileType = sourcecode.swift; path = AppDelegate.swift; sourceTree = "<group>"; };
		D395A10B1CC243DB00B76FB7 /* HanziPinyinExampleViewController.swift */ = {isa = PBXFileReference; lastKnownFileType = sourcecode.swift; path = HanziPinyinExampleViewController.swift; sourceTree = "<group>"; };
		D395A10E1CC243DB00B76FB7 /* Base */ = {isa = PBXFileReference; lastKnownFileType = file.storyboard; name = Base; path = Base.lproj/Main.storyboard; sourceTree = "<group>"; };
		D395A1101CC243DB00B76FB7 /* Assets.xcassets */ = {isa = PBXFileReference; lastKnownFileType = folder.assetcatalog; path = Assets.xcassets; sourceTree = "<group>"; };
		D395A1151CC243DB00B76FB7 /* Info.plist */ = {isa = PBXFileReference; lastKnownFileType = text.plist.xml; path = Info.plist; sourceTree = "<group>"; };
		D3A293C01CC7DBD2005843BA /* ActivityButton.swift */ = {isa = PBXFileReference; fileEncoding = 4; lastKnownFileType = sourcecode.swift; path = ActivityButton.swift; sourceTree = "<group>"; };
/* End PBXFileReference section */

/* Begin PBXFrameworksBuildPhase section */
		D395A1031CC243DB00B76FB7 /* Frameworks */ = {
			isa = PBXFrameworksBuildPhase;
			buildActionMask = 2147483647;
			files = (
				D313641F1CC86C7700CF6E19 /* HanziPinyin.framework in Frameworks */,
			);
			runOnlyForDeploymentPostprocessing = 0;
		};
/* End PBXFrameworksBuildPhase section */

/* Begin PBXGroup section */
		D395A0FD1CC243DB00B76FB7 = {
			isa = PBXGroup;
			children = (
				D313641E1CC86C7700CF6E19 /* HanziPinyin.framework */,
				D395A1081CC243DB00B76FB7 /* HanziPinyinExample */,
				D395A1071CC243DB00B76FB7 /* Products */,
			);
			sourceTree = "<group>";
		};
		D395A1071CC243DB00B76FB7 /* Products */ = {
			isa = PBXGroup;
			children = (
				D395A1061CC243DB00B76FB7 /* HanziPinyinExample.app */,
			);
			name = Products;
			sourceTree = "<group>";
		};
		D395A1081CC243DB00B76FB7 /* HanziPinyinExample */ = {
			isa = PBXGroup;
			children = (
				D395A1091CC243DB00B76FB7 /* AppDelegate.swift */,
				D3A293C01CC7DBD2005843BA /* ActivityButton.swift */,
				D395A10B1CC243DB00B76FB7 /* HanziPinyinExampleViewController.swift */,
				D395A10D1CC243DB00B76FB7 /* Main.storyboard */,
				D395A1101CC243DB00B76FB7 /* Assets.xcassets */,
				D395A1151CC243DB00B76FB7 /* Info.plist */,
			);
			path = HanziPinyinExample;
			sourceTree = "<group>";
		};
/* End PBXGroup section */

/* Begin PBXNativeTarget section */
		D395A1051CC243DB00B76FB7 /* HanziPinyinExample */ = {
			isa = PBXNativeTarget;
			buildConfigurationList = D395A1181CC243DB00B76FB7 /* Build configuration list for PBXNativeTarget "HanziPinyinExample" */;
			buildPhases = (
				D395A1021CC243DB00B76FB7 /* Sources */,
				D395A1031CC243DB00B76FB7 /* Frameworks */,
				D395A1041CC243DB00B76FB7 /* Resources */,
				D31364211CC86C7700CF6E19 /* Embed Frameworks */,
			);
			buildRules = (
			);
			dependencies = (
			);
			name = HanziPinyinExample;
			productName = HanziPinyin;
			productReference = D395A1061CC243DB00B76FB7 /* HanziPinyinExample.app */;
			productType = "com.apple.product-type.application";
		};
/* End PBXNativeTarget section */

/* Begin PBXProject section */
		D395A0FE1CC243DB00B76FB7 /* Project object */ = {
			isa = PBXProject;
			attributes = {
				LastSwiftUpdateCheck = 0730;
				LastUpgradeCheck = 1020;
				ORGANIZATIONNAME = Teambition;
				TargetAttributes = {
					D395A1051CC243DB00B76FB7 = {
						CreatedOnToolsVersion = 7.3;
						LastSwiftMigration = 0900;
					};
				};
			};
			buildConfigurationList = D395A1011CC243DB00B76FB7 /* Build configuration list for PBXProject "HanziPinyinExample" */;
			compatibilityVersion = "Xcode 3.2";
			developmentRegion = en;
			hasScannedForEncodings = 0;
			knownRegions = (
				en,
				Base,
			);
			mainGroup = D395A0FD1CC243DB00B76FB7;
			productRefGroup = D395A1071CC243DB00B76FB7 /* Products */;
			projectDirPath = "";
			projectRoot = "";
			targets = (
				D395A1051CC243DB00B76FB7 /* HanziPinyinExample */,
			);
		};
/* End PBXProject section */

/* Begin PBXResourcesBuildPhase section */
		D395A1041CC243DB00B76FB7 /* Resources */ = {
			isa = PBXResourcesBuildPhase;
			buildActionMask = 2147483647;
			files = (
				D395A1111CC243DB00B76FB7 /* Assets.xcassets in Resources */,
				D395A10F1CC243DB00B76FB7 /* Main.storyboard in Resources */,
			);
			runOnlyForDeploymentPostprocessing = 0;
		};
/* End PBXResourcesBuildPhase section */

/* Begin PBXSourcesBuildPhase section */
		D395A1021CC243DB00B76FB7 /* Sources */ = {
			isa = PBXSourcesBuildPhase;
			buildActionMask = 2147483647;
			files = (
				D395A10C1CC243DB00B76FB7 /* HanziPinyinExampleViewController.swift in Sources */,
				D395A10A1CC243DB00B76FB7 /* AppDelegate.swift in Sources */,
				D3A293C11CC7DBD2005843BA /* ActivityButton.swift in Sources */,
			);
			runOnlyForDeploymentPostprocessing = 0;
		};
/* End PBXSourcesBuildPhase section */

/* Begin PBXVariantGroup section */
		D395A10D1CC243DB00B76FB7 /* Main.storyboard */ = {
			isa = PBXVariantGroup;
			children = (
				D395A10E1CC243DB00B76FB7 /* Base */,
			);
			name = Main.storyboard;
			sourceTree = "<group>";
		};
/* End PBXVariantGroup section */

/* Begin XCBuildConfiguration section */
		D395A1161CC243DB00B76FB7 /* Debug */ = {
			isa = XCBuildConfiguration;
			buildSettings = {
				ALWAYS_SEARCH_USER_PATHS = NO;
				CLANG_ANALYZER_LOCALIZABILITY_NONLOCALIZED = YES;
				CLANG_ANALYZER_NONNULL = YES;
				CLANG_CXX_LANGUAGE_STANDARD = "gnu++0x";
				CLANG_CXX_LIBRARY = "libc++";
				CLANG_ENABLE_MODULES = YES;
				CLANG_ENABLE_OBJC_ARC = YES;
				CLANG_WARN_BLOCK_CAPTURE_AUTORELEASING = YES;
				CLANG_WARN_BOOL_CONVERSION = YES;
				CLANG_WARN_COMMA = YES;
				CLANG_WARN_CONSTANT_CONVERSION = YES;
				CLANG_WARN_DEPRECATED_OBJC_IMPLEMENTATIONS = YES;
				CLANG_WARN_DIRECT_OBJC_ISA_USAGE = YES_ERROR;
				CLANG_WARN_EMPTY_BODY = YES;
				CLANG_WARN_ENUM_CONVERSION = YES;
				CLANG_WARN_INFINITE_RECURSION = YES;
				CLANG_WARN_INT_CONVERSION = YES;
				CLANG_WARN_NON_LITERAL_NULL_CONVERSION = YES;
				CLANG_WARN_OBJC_IMPLICIT_RETAIN_SELF = YES;
				CLANG_WARN_OBJC_LITERAL_CONVERSION = YES;
				CLANG_WARN_OBJC_ROOT_CLASS = YES_ERROR;
				CLANG_WARN_RANGE_LOOP_ANALYSIS = YES;
				CLANG_WARN_STRICT_PROTOTYPES = YES;
				CLANG_WARN_SUSPICIOUS_MOVE = YES;
				CLANG_WARN_UNREACHABLE_CODE = YES;
				CLANG_WARN__DUPLICATE_METHOD_MATCH = YES;
				"CODE_SIGN_IDENTITY[sdk=iphoneos*]" = "iPhone Developer";
				COPY_PHASE_STRIP = NO;
				DEBUG_INFORMATION_FORMAT = dwarf;
				ENABLE_STRICT_OBJC_MSGSEND = YES;
				ENABLE_TESTABILITY = YES;
				GCC_C_LANGUAGE_STANDARD = gnu99;
				GCC_DYNAMIC_NO_PIC = NO;
				GCC_NO_COMMON_BLOCKS = YES;
				GCC_OPTIMIZATION_LEVEL = 0;
				GCC_PREPROCESSOR_DEFINITIONS = (
					"DEBUG=1",
					"$(inherited)",
				);
				GCC_WARN_64_TO_32_BIT_CONVERSION = YES;
				GCC_WARN_ABOUT_RETURN_TYPE = YES_ERROR;
				GCC_WARN_UNDECLARED_SELECTOR = YES;
				GCC_WARN_UNINITIALIZED_AUTOS = YES_AGGRESSIVE;
				GCC_WARN_UNUSED_FUNCTION = YES;
				GCC_WARN_UNUSED_VARIABLE = YES;
				IPHONEOS_DEPLOYMENT_TARGET = 8.0;
				MTL_ENABLE_DEBUG_INFO = YES;
				ONLY_ACTIVE_ARCH = YES;
				SDKROOT = iphoneos;
				SWIFT_OPTIMIZATION_LEVEL = "-Onone";
				TARGETED_DEVICE_FAMILY = "1,2";
			};
			name = Debug;
		};
		D395A1171CC243DB00B76FB7 /* Release */ = {
			isa = XCBuildConfiguration;
			buildSettings = {
				ALWAYS_SEARCH_USER_PATHS = NO;
				CLANG_ANALYZER_LOCALIZABILITY_NONLOCALIZED = YES;
				CLANG_ANALYZER_NONNULL = YES;
				CLANG_CXX_LANGUAGE_STANDARD = "gnu++0x";
				CLANG_CXX_LIBRARY = "libc++";
				CLANG_ENABLE_MODULES = YES;
				CLANG_ENABLE_OBJC_ARC = YES;
				CLANG_WARN_BLOCK_CAPTURE_AUTORELEASING = YES;
				CLANG_WARN_BOOL_CONVERSION = YES;
				CLANG_WARN_COMMA = YES;
				CLANG_WARN_CONSTANT_CONVERSION = YES;
				CLANG_WARN_DEPRECATED_OBJC_IMPLEMENTATIONS = YES;
				CLANG_WARN_DIRECT_OBJC_ISA_USAGE = YES_ERROR;
				CLANG_WARN_EMPTY_BODY = YES;
				CLANG_WARN_ENUM_CONVERSION = YES;
				CLANG_WARN_INFINITE_RECURSION = YES;
				CLANG_WARN_INT_CONVERSION = YES;
				CLANG_WARN_NON_LITERAL_NULL_CONVERSION = YES;
				CLANG_WARN_OBJC_IMPLICIT_RETAIN_SELF = YES;
				CLANG_WARN_OBJC_LITERAL_CONVERSION = YES;
				CLANG_WARN_OBJC_ROOT_CLASS = YES_ERROR;
				CLANG_WARN_RANGE_LOOP_ANALYSIS = YES;
				CLANG_WARN_STRICT_PROTOTYPES = YES;
				CLANG_WARN_SUSPICIOUS_MOVE = YES;
				CLANG_WARN_UNREACHABLE_CODE = YES;
				CLANG_WARN__DUPLICATE_METHOD_MATCH = YES;
				"CODE_SIGN_IDENTITY[sdk=iphoneos*]" = "iPhone Developer";
				COPY_PHASE_STRIP = NO;
				DEBUG_INFORMATION_FORMAT = "dwarf-with-dsym";
				ENABLE_NS_ASSERTIONS = NO;
				ENABLE_STRICT_OBJC_MSGSEND = YES;
				GCC_C_LANGUAGE_STANDARD = gnu99;
				GCC_NO_COMMON_BLOCKS = YES;
				GCC_WARN_64_TO_32_BIT_CONVERSION = YES;
				GCC_WARN_ABOUT_RETURN_TYPE = YES_ERROR;
				GCC_WARN_UNDECLARED_SELECTOR = YES;
				GCC_WARN_UNINITIALIZED_AUTOS = YES_AGGRESSIVE;
				GCC_WARN_UNUSED_FUNCTION = YES;
				GCC_WARN_UNUSED_VARIABLE = YES;
				IPHONEOS_DEPLOYMENT_TARGET = 8.0;
				MTL_ENABLE_DEBUG_INFO = NO;
				SDKROOT = iphoneos;
				SWIFT_OPTIMIZATION_LEVEL = "-Owholemodule";
				TARGETED_DEVICE_FAMILY = "1,2";
				VALIDATE_PRODUCT = YES;
			};
			name = Release;
		};
		D395A1191CC243DB00B76FB7 /* Debug */ = {
			isa = XCBuildConfiguration;
			buildSettings = {
				ASSETCATALOG_COMPILER_APPICON_NAME = AppIcon;
				INFOPLIST_FILE = "$(SRCROOT)/HanziPinyinExample/Info.plist";
				LD_RUNPATH_SEARCH_PATHS = "$(inherited) @executable_path/Frameworks";
				PRODUCT_BUNDLE_IDENTIFIER = Teambition.HanziPinyinExample;
				PRODUCT_NAME = HanziPinyinExample;
				SWIFT_SWIFT3_OBJC_INFERENCE = Default;
				SWIFT_VERSION = 5.0;
			};
			name = Debug;
		};
		D395A11A1CC243DB00B76FB7 /* Release */ = {
			isa = XCBuildConfiguration;
			buildSettings = {
				ASSETCATALOG_COMPILER_APPICON_NAME = AppIcon;
				INFOPLIST_FILE = "$(SRCROOT)/HanziPinyinExample/Info.plist";
				LD_RUNPATH_SEARCH_PATHS = "$(inherited) @executable_path/Frameworks";
				PRODUCT_BUNDLE_IDENTIFIER = Teambition.HanziPinyinExample;
				PRODUCT_NAME = HanziPinyinExample;
				SWIFT_SWIFT3_OBJC_INFERENCE = Default;
				SWIFT_VERSION = 5.0;
			};
			name = Release;
		};
/* End XCBuildConfiguration section */

/* Begin XCConfigurationList section */
		D395A1011CC243DB00B76FB7 /* Build configuration list for PBXProject "HanziPinyinExample" */ = {
			isa = XCConfigurationList;
			buildConfigurations = (
				D395A1161CC243DB00B76FB7 /* Debug */,
				D395A1171CC243DB00B76FB7 /* Release */,
			);
			defaultConfigurationIsVisible = 0;
			defaultConfigurationName = Release;
		};
		D395A1181CC243DB00B76FB7 /* Build configuration list for PBXNativeTarget "HanziPinyinExample" */ = {
			isa = XCConfigurationList;
			buildConfigurations = (
				D395A1191CC243DB00B76FB7 /* Debug */,
				D395A11A1CC243DB00B76FB7 /* Release */,
			);
			defaultConfigurationIsVisible = 0;
			defaultConfigurationName = Release;
		};
/* End XCConfigurationList section */
	};
	rootObject = D395A0FE1CC243DB00B76FB7 /* Project object */;
}
